
Microsoft Visual Studio Solution File, Format Version 12.00
# Visual Studio Version 16
VisualStudioVersion = 16.0.30523.141
MinimumVisualStudioVersion = 10.0.40219.1
Project("{9A19103F-16F7-4668-BE54-9A1E7A4F7556}") = "RealEstate", "RealEstate\RealEstate.csproj", "{88D907BB-AC31-47DC-AAD3-E083719E43A2}"
EndProject
Project("{9A19103F-16F7-4668-BE54-9A1E7A4F7556}") = "Entities", "Entities\Entities.csproj", "{F6A50854-AAC0-4134-B332-2BB6FB25691F}"
EndProject
Project("{9A19103F-16F7-4668-BE54-9A1E7A4F7556}") = "Repository", "Repository\Repository.csproj", "{961DE3A0-518A-4F22-949B-06B80423CE71}"
EndProject
Project("{9A19103F-16F7-4668-BE54-9A1E7A4F7556}") = "RealEstate.Client", "RealEstate.Client\RealEstate.Client.csproj", "{76F97A2B-6B74-413A-A7B4-0EF401F56B3B}"
EndProject
Global
	GlobalSection(SolutionConfigurationPlatforms) = preSolution
		Debug|Any CPU = Debug|Any CPU
		Release|Any CPU = Release|Any CPU
	EndGlobalSection
	GlobalSection(ProjectConfigurationPlatforms) = postSolution
		{88D907BB-AC31-47DC-AAD3-E083719E43A2}.Debug|Any CPU.ActiveCfg = Debug|Any CPU
		{88D907BB-AC31-47DC-AAD3-E083719E43A2}.Debug|Any CPU.Build.0 = Debug|Any CPU
		{88D907BB-AC31-47DC-AAD3-E083719E43A2}.Release|Any CPU.ActiveCfg = Release|Any CPU
		{88D907BB-AC31-47DC-AAD3-E083719E43A2}.Release|Any CPU.Build.0 = Release|Any CPU
		{F6A50854-AAC0-4134-B332-2BB6FB25691F}.Debug|Any CPU.ActiveCfg = Debug|Any CPU
		{F6A50854-AAC0-4134-B332-2BB6FB25691F}.Debug|Any CPU.Build.0 = Debug|Any CPU
		{F6A50854-AAC0-4134-B332-2BB6FB25691F}.Release|Any CPU.ActiveCfg = Release|Any CPU
		{F6A50854-AAC0-4134-B332-2BB6FB25691F}.Release|Any CPU.Build.0 = Release|Any CPU
		{961DE3A0-518A-4F22-949B-06B80423CE71}.Debug|Any CPU.ActiveCfg = Debug|Any CPU
		{961DE3A0-518A-4F22-949B-06B80423CE71}.Debug|Any CPU.Build.0 = Debug|Any CPU
		{961DE3A0-518A-4F22-949B-06B80423CE71}.Release|Any CPU.ActiveCfg = Release|Any CPU
		{961DE3A0-518A-4F22-949B-06B80423CE71}.Release|Any CPU.Build.0 = Release|Any CPU
		{76F97A2B-6B74-413A-A7B4-0EF401F56B3B}.Debug|Any CPU.ActiveCfg = Debug|Any CPU
		{76F97A2B-6B74-413A-A7B4-0EF401F56B3B}.Debug|Any CPU.Build.0 = Debug|Any CPU
		{76F97A2B-6B74-413A-A7B4-0EF401F56B3B}.Release|Any CPU.ActiveCfg = Release|Any CPU
		{76F97A2B-6B74-413A-A7B4-0EF401F56B3B}.Release|Any CPU.Build.0 = Release|Any CPU
	EndGlobalSection
	GlobalSection(SolutionProperties) = preSolution
		HideSolutionNode = FALSE
	EndGlobalSection
	GlobalSection(ExtensibilityGlobals) = postSolution
		SolutionGuid = {F8D0B446-1685-4685-A7BE-7B99F797633C}
	EndGlobalSection
EndGlobal
